
Microsoft Visual Studio Solution File, Format Version 12.00
# Visual Studio Version 17
VisualStudioVersion = 17.0.31903.59
MinimumVisualStudioVersion = 10.0.40219.1
Project("{FAE04EC0-301F-11D3-BF4B-00C04F79EFBC}") = "Entity", "Entity\Entity.csproj", "{C26350F1-C0AD-4141-A8DC-F2D9783FC268}"
EndProject
Project("{FAE04EC0-301F-11D3-BF4B-00C04F79EFBC}") = "Dto", "Dto\Dto.csproj", "{D54C7700-4EF0-4D05-B4E2-06E194AE8367}"
EndProject
Project("{FAE04EC0-301F-11D3-BF4B-00C04F79EFBC}") = "WebApi", "WebApi\WebApi.csproj", "{E91F8056-1EEA-46BD-9E45-7326A431FEA0}"
EndProject
Project("{FAE04EC0-301F-11D3-BF4B-00C04F79EFBC}") = "Business", "Business\Business.csproj", "{51D9E6C7-05D4-4C8F-8866-7647A9A37DCB}"
EndProject
Project("{FAE04EC0-301F-11D3-BF4B-00C04F79EFBC}") = "DataAccess", "DataAccess\DataAccess.csproj", "{EE898058-070F-425E-8205-AABAB1C049CF}"
EndProject
Project("{FAE04EC0-301F-11D3-BF4B-00C04F79EFBC}") = "Test", "Test\Test.csproj", "{19CEB997-53D9-47AF-B2C6-2ACB6CE93EFD}"
EndProject
Global
	GlobalSection(SolutionConfigurationPlatforms) = preSolution
		Debug|Any CPU = Debug|Any CPU
		Release|Any CPU = Release|Any CPU
	EndGlobalSection
	GlobalSection(SolutionProperties) = preSolution
		HideSolutionNode = FALSE
	EndGlobalSection
	GlobalSection(ProjectConfigurationPlatforms) = postSolution
		{C26350F1-C0AD-4141-A8DC-F2D9783FC268}.Debug|Any CPU.ActiveCfg = Debug|Any CPU
		{C26350F1-C0AD-4141-A8DC-F2D9783FC268}.Debug|Any CPU.Build.0 = Debug|Any CPU
		{C26350F1-C0AD-4141-A8DC-F2D9783FC268}.Release|Any CPU.ActiveCfg = Release|Any CPU
		{C26350F1-C0AD-4141-A8DC-F2D9783FC268}.Release|Any CPU.Build.0 = Release|Any CPU
		{D54C7700-4EF0-4D05-B4E2-06E194AE8367}.Debug|Any CPU.ActiveCfg = Debug|Any CPU
		{D54C7700-4EF0-4D05-B4E2-06E194AE8367}.Debug|Any CPU.Build.0 = Debug|Any CPU
		{D54C7700-4EF0-4D05-B4E2-06E194AE8367}.Release|Any CPU.ActiveCfg = Release|Any CPU
		{D54C7700-4EF0-4D05-B4E2-06E194AE8367}.Release|Any CPU.Build.0 = Release|Any CPU
		{E91F8056-1EEA-46BD-9E45-7326A431FEA0}.Debug|Any CPU.ActiveCfg = Debug|Any CPU
		{E91F8056-1EEA-46BD-9E45-7326A431FEA0}.Debug|Any CPU.Build.0 = Debug|Any CPU
		{E91F8056-1EEA-46BD-9E45-7326A431FEA0}.Release|Any CPU.ActiveCfg = Release|Any CPU
		{E91F8056-1EEA-46BD-9E45-7326A431FEA0}.Release|Any CPU.Build.0 = Release|Any CPU
		{51D9E6C7-05D4-4C8F-8866-7647A9A37DCB}.Debug|Any CPU.ActiveCfg = Debug|Any CPU
		{51D9E6C7-05D4-4C8F-8866-7647A9A37DCB}.Debug|Any CPU.Build.0 = Debug|Any CPU
		{51D9E6C7-05D4-4C8F-8866-7647A9A37DCB}.Release|Any CPU.ActiveCfg = Release|Any CPU
		{51D9E6C7-05D4-4C8F-8866-7647A9A37DCB}.Release|Any CPU.Build.0 = Release|Any CPU
		{EE898058-070F-425E-8205-AABAB1C049CF}.Debug|Any CPU.ActiveCfg = Debug|Any CPU
		{EE898058-070F-425E-8205-AABAB1C049CF}.Debug|Any CPU.Build.0 = Debug|Any CPU
		{EE898058-070F-425E-8205-AABAB1C049CF}.Release|Any CPU.ActiveCfg = Release|Any CPU
		{EE898058-070F-425E-8205-AABAB1C049CF}.Release|Any CPU.Build.0 = Release|Any CPU
		{19CEB997-53D9-47AF-B2C6-2ACB6CE93EFD}.Debug|Any CPU.ActiveCfg = Debug|Any CPU
		{19CEB997-53D9-47AF-B2C6-2ACB6CE93EFD}.Debug|Any CPU.Build.0 = Debug|Any CPU
		{19CEB997-53D9-47AF-B2C6-2ACB6CE93EFD}.Release|Any CPU.ActiveCfg = Release|Any CPU
		{19CEB997-53D9-47AF-B2C6-2ACB6CE93EFD}.Release|Any CPU.Build.0 = Release|Any CPU
	EndGlobalSection
EndGlobal
