
Microsoft Visual Studio Solution File, Format Version 12.00
# Visual Studio Version 17
VisualStudioVersion = 17.0.31903.59
MinimumVisualStudioVersion = 10.0.40219.1
Project("{FAE04EC0-301F-11D3-BF4B-00C04F79EFBC}") = "Entity", "Entity\Entity.csproj", "{C26350F1-C0AD-4141-A8DC-F2D9783FC268}"
EndProject
Project("{FAE04EC0-301F-11D3-BF4B-00C04F79EFBC}") = "Dto", "Dto\Dto.csproj", "{D54C7700-4EF0-4D05-B4E2-06E194AE8367}"
EndProject
Global
	GlobalSection(SolutionConfigurationPlatforms) = preSolution
		Debug|Any CPU = Debug|Any CPU
		Release|Any CPU = Release|Any CPU
	EndGlobalSection
	GlobalSection(SolutionProperties) = preSolution
		HideSolutionNode = FALSE
	EndGlobalSection
	GlobalSection(ProjectConfigurationPlatforms) = postSolution
		{C26350F1-C0AD-4141-A8DC-F2D9783FC268}.Debug|Any CPU.ActiveCfg = Debug|Any CPU
		{C26350F1-C0AD-4141-A8DC-F2D9783FC268}.Debug|Any CPU.Build.0 = Debug|Any CPU
		{C26350F1-C0AD-4141-A8DC-F2D9783FC268}.Release|Any CPU.ActiveCfg = Release|Any CPU
		{C26350F1-C0AD-4141-A8DC-F2D9783FC268}.Release|Any CPU.Build.0 = Release|Any CPU
		{D54C7700-4EF0-4D05-B4E2-06E194AE8367}.Debug|Any CPU.ActiveCfg = Debug|Any CPU
		{D54C7700-4EF0-4D05-B4E2-06E194AE8367}.Debug|Any CPU.Build.0 = Debug|Any CPU
		{D54C7700-4EF0-4D05-B4E2-06E194AE8367}.Release|Any CPU.ActiveCfg = Release|Any CPU
		{D54C7700-4EF0-4D05-B4E2-06E194AE8367}.Release|Any CPU.Build.0 = Release|Any CPU
	EndGlobalSection
EndGlobal
